
Microsoft Visual Studio Solution File, Format Version 12.00
# Visual Studio Version 17
VisualStudioVersion = 17.5.33516.290
MinimumVisualStudioVersion = 10.0.40219.1
Project("{FAE04EC0-301F-11D3-BF4B-00C04F79EFBC}") = "API", "LaserArt\API.csproj", "{C67AB12E-2543-4870-8013-52C2ED502952}"
EndProject
Project("{FAE04EC0-301F-11D3-BF4B-00C04F79EFBC}") = "DataAccess", "DataAccess\DataAccess.csproj", "{008D135D-9C2C-4600-8D84-F5747D3B174A}"
EndProject
Project("{FAE04EC0-301F-11D3-BF4B-00C04F79EFBC}") = "Services", "Services\Services.csproj", "{D5AE8B80-EED2-4F0F-B2DB-D0EC7C560FA0}"
EndProject
Project("{FAE04EC0-301F-11D3-BF4B-00C04F79EFBC}") = "Utils", "Utils\Utils.csproj", "{5A3BC360-29CB-4AAD-BA24-E535F76401E0}"
EndProject
Global
	GlobalSection(SolutionConfigurationPlatforms) = preSolution
		Debug|Any CPU = Debug|Any CPU
		Release|Any CPU = Release|Any CPU
	EndGlobalSection
	GlobalSection(ProjectConfigurationPlatforms) = postSolution
		{C67AB12E-2543-4870-8013-52C2ED502952}.Debug|Any CPU.ActiveCfg = Debug|Any CPU
		{C67AB12E-2543-4870-8013-52C2ED502952}.Debug|Any CPU.Build.0 = Debug|Any CPU
		{C67AB12E-2543-4870-8013-52C2ED502952}.Release|Any CPU.ActiveCfg = Release|Any CPU
		{C67AB12E-2543-4870-8013-52C2ED502952}.Release|Any CPU.Build.0 = Release|Any CPU
		{008D135D-9C2C-4600-8D84-F5747D3B174A}.Debug|Any CPU.ActiveCfg = Debug|Any CPU
		{008D135D-9C2C-4600-8D84-F5747D3B174A}.Debug|Any CPU.Build.0 = Debug|Any CPU
		{008D135D-9C2C-4600-8D84-F5747D3B174A}.Release|Any CPU.ActiveCfg = Release|Any CPU
		{008D135D-9C2C-4600-8D84-F5747D3B174A}.Release|Any CPU.Build.0 = Release|Any CPU
		{D5AE8B80-EED2-4F0F-B2DB-D0EC7C560FA0}.Debug|Any CPU.ActiveCfg = Debug|Any CPU
		{D5AE8B80-EED2-4F0F-B2DB-D0EC7C560FA0}.Debug|Any CPU.Build.0 = Debug|Any CPU
		{D5AE8B80-EED2-4F0F-B2DB-D0EC7C560FA0}.Release|Any CPU.ActiveCfg = Release|Any CPU
		{D5AE8B80-EED2-4F0F-B2DB-D0EC7C560FA0}.Release|Any CPU.Build.0 = Release|Any CPU
		{5A3BC360-29CB-4AAD-BA24-E535F76401E0}.Debug|Any CPU.ActiveCfg = Debug|Any CPU
		{5A3BC360-29CB-4AAD-BA24-E535F76401E0}.Debug|Any CPU.Build.0 = Debug|Any CPU
		{5A3BC360-29CB-4AAD-BA24-E535F76401E0}.Release|Any CPU.ActiveCfg = Release|Any CPU
		{5A3BC360-29CB-4AAD-BA24-E535F76401E0}.Release|Any CPU.Build.0 = Release|Any CPU
	EndGlobalSection
	GlobalSection(SolutionProperties) = preSolution
		HideSolutionNode = FALSE
	EndGlobalSection
	GlobalSection(ExtensibilityGlobals) = postSolution
		SolutionGuid = {BE43092C-74DD-4DB0-8849-8781330D05D2}
	EndGlobalSection
EndGlobal
